
Microsoft Visual Studio Solution File, Format Version 12.00
# Visual Studio Version 17
VisualStudioVersion = 17.10.34928.147
MinimumVisualStudioVersion = 10.0.40219.1
Project("{FAE04EC0-301F-11D3-BF4B-00C04F79EFBC}") = "AndroidDataViewer", "AndroidDataViewer\AndroidDataViewer.csproj", "{E3699D0F-8E5B-48AF-A242-82B2D1974A7B}"
EndProject
Global
	GlobalSection(SolutionConfigurationPlatforms) = preSolution
		Debug|Any CPU = Debug|Any CPU
		Release|Any CPU = Release|Any CPU
	EndGlobalSection
	GlobalSection(ProjectConfigurationPlatforms) = postSolution
		{E3699D0F-8E5B-48AF-A242-82B2D1974A7B}.Debug|Any CPU.ActiveCfg = Debug|Any CPU
		{E3699D0F-8E5B-48AF-A242-82B2D1974A7B}.Debug|Any CPU.Build.0 = Debug|Any CPU
		{E3699D0F-8E5B-48AF-A242-82B2D1974A7B}.Release|Any CPU.ActiveCfg = Release|Any CPU
		{E3699D0F-8E5B-48AF-A242-82B2D1974A7B}.Release|Any CPU.Build.0 = Release|Any CPU
	EndGlobalSection
	GlobalSection(SolutionProperties) = preSolution
		HideSolutionNode = FALSE
	EndGlobalSection
	GlobalSection(ExtensibilityGlobals) = postSolution
		SolutionGuid = {B0B8D1DC-1C2A-4057-8D9C-F99D451A6C61}
	EndGlobalSection
EndGlobal
